
Microsoft Visual Studio Solution File, Format Version 12.00
Project("{FAE04EC0-301F-11D3-BF4B-00C04F79EFBC}") = "Glyphion", "Glyphion\Glyphion.csproj", "{8FFFBC32-0FD1-4E7B-A816-1E5A4A2D9359}"
EndProject
Project("{FAE04EC0-301F-11D3-BF4B-00C04F79EFBC}") = "TermincalCraft", "TermincalCraft\TermincalCraft.csproj", "{C975BF59-2F52-43C7-BFA8-D3C15C027B87}"
EndProject
Global
	GlobalSection(SolutionConfigurationPlatforms) = preSolution
		Debug|Any CPU = Debug|Any CPU
		Release|Any CPU = Release|Any CPU
	EndGlobalSection
	GlobalSection(ProjectConfigurationPlatforms) = postSolution
		{8FFFBC32-0FD1-4E7B-A816-1E5A4A2D9359}.Debug|Any CPU.ActiveCfg = Debug|Any CPU
		{8FFFBC32-0FD1-4E7B-A816-1E5A4A2D9359}.Debug|Any CPU.Build.0 = Debug|Any CPU
		{8FFFBC32-0FD1-4E7B-A816-1E5A4A2D9359}.Release|Any CPU.ActiveCfg = Release|Any CPU
		{8FFFBC32-0FD1-4E7B-A816-1E5A4A2D9359}.Release|Any CPU.Build.0 = Release|Any CPU
		{C975BF59-2F52-43C7-BFA8-D3C15C027B87}.Debug|Any CPU.ActiveCfg = Debug|Any CPU
		{C975BF59-2F52-43C7-BFA8-D3C15C027B87}.Debug|Any CPU.Build.0 = Debug|Any CPU
		{C975BF59-2F52-43C7-BFA8-D3C15C027B87}.Release|Any CPU.ActiveCfg = Release|Any CPU
		{C975BF59-2F52-43C7-BFA8-D3C15C027B87}.Release|Any CPU.Build.0 = Release|Any CPU
	EndGlobalSection
EndGlobal
